
Microsoft Visual Studio Solution File, Format Version 12.00
# Visual Studio 15
VisualStudioVersion = 15.0.27428.2011
MinimumVisualStudioVersion = 10.0.40219.1
Project("{FAE04EC0-301F-11D3-BF4B-00C04F79EFBC}") = "RFTestAUX", "RFTestAUX\RFTestAUX.csproj", "{03FFD4D4-684E-40D1-BF62-2A2B906619CF}"
EndProject
Global
	GlobalSection(SolutionConfigurationPlatforms) = preSolution
		Debug|Any CPU = Debug|Any CPU
		Release|Any CPU = Release|Any CPU
	EndGlobalSection
	GlobalSection(ProjectConfigurationPlatforms) = postSolution
		{03FFD4D4-684E-40D1-BF62-2A2B906619CF}.Debug|Any CPU.ActiveCfg = Debug|Any CPU
		{03FFD4D4-684E-40D1-BF62-2A2B906619CF}.Debug|Any CPU.Build.0 = Debug|Any CPU
		{03FFD4D4-684E-40D1-BF62-2A2B906619CF}.Release|Any CPU.ActiveCfg = Release|Any CPU
		{03FFD4D4-684E-40D1-BF62-2A2B906619CF}.Release|Any CPU.Build.0 = Release|Any CPU
	EndGlobalSection
	GlobalSection(SolutionProperties) = preSolution
		HideSolutionNode = FALSE
	EndGlobalSection
	GlobalSection(ExtensibilityGlobals) = postSolution
		SolutionGuid = {EDF2EEA8-6042-4939-A353-9F54D576091C}
	EndGlobalSection
EndGlobal
